
Microsoft Visual Studio Solution File, Format Version 12.00
# Visual Studio Version 17
VisualStudioVersion = 17.5.002.0
MinimumVisualStudioVersion = 10.0.40219.1
Project("{9A19103F-16F7-4668-BE54-9A1E7A4F7556}") = "09", "09.csproj", "{0A9FB1B7-8554-4F59-AE1F-92E29E72532B}"
EndProject
Global
	GlobalSection(SolutionConfigurationPlatforms) = preSolution
		Debug|Any CPU = Debug|Any CPU
		Release|Any CPU = Release|Any CPU
	EndGlobalSection
	GlobalSection(ProjectConfigurationPlatforms) = postSolution
		{0A9FB1B7-8554-4F59-AE1F-92E29E72532B}.Debug|Any CPU.ActiveCfg = Debug|Any CPU
		{0A9FB1B7-8554-4F59-AE1F-92E29E72532B}.Debug|Any CPU.Build.0 = Debug|Any CPU
		{0A9FB1B7-8554-4F59-AE1F-92E29E72532B}.Release|Any CPU.ActiveCfg = Release|Any CPU
		{0A9FB1B7-8554-4F59-AE1F-92E29E72532B}.Release|Any CPU.Build.0 = Release|Any CPU
	EndGlobalSection
	GlobalSection(SolutionProperties) = preSolution
		HideSolutionNode = FALSE
	EndGlobalSection
	GlobalSection(ExtensibilityGlobals) = postSolution
		SolutionGuid = {F83F5E78-B97A-47B2-BD15-BCB294F35B16}
	EndGlobalSection
EndGlobal
