
Microsoft Visual Studio Solution File, Format Version 12.00
# Visual Studio Version 17
VisualStudioVersion = 17.5.002.0
MinimumVisualStudioVersion = 10.0.40219.1
Project("{9A19103F-16F7-4668-BE54-9A1E7A4F7556}") = "06", "06.csproj", "{5E6AA94B-702F-4A50-B5F3-AAAAE0819173}"
EndProject
Global
	GlobalSection(SolutionConfigurationPlatforms) = preSolution
		Debug|Any CPU = Debug|Any CPU
		Release|Any CPU = Release|Any CPU
	EndGlobalSection
	GlobalSection(ProjectConfigurationPlatforms) = postSolution
		{5E6AA94B-702F-4A50-B5F3-AAAAE0819173}.Debug|Any CPU.ActiveCfg = Debug|Any CPU
		{5E6AA94B-702F-4A50-B5F3-AAAAE0819173}.Debug|Any CPU.Build.0 = Debug|Any CPU
		{5E6AA94B-702F-4A50-B5F3-AAAAE0819173}.Release|Any CPU.ActiveCfg = Release|Any CPU
		{5E6AA94B-702F-4A50-B5F3-AAAAE0819173}.Release|Any CPU.Build.0 = Release|Any CPU
	EndGlobalSection
	GlobalSection(SolutionProperties) = preSolution
		HideSolutionNode = FALSE
	EndGlobalSection
	GlobalSection(ExtensibilityGlobals) = postSolution
		SolutionGuid = {D114BC4C-9B68-4DA8-B2FD-7E61C0752FC1}
	EndGlobalSection
EndGlobal
