
Microsoft Visual Studio Solution File, Format Version 12.00
# Visual Studio Version 17
VisualStudioVersion = 17.5.002.0
MinimumVisualStudioVersion = 10.0.40219.1
Project("{9A19103F-16F7-4668-BE54-9A1E7A4F7556}") = "08", "08.csproj", "{F7B9926A-EE0F-4DF6-8C07-1F6706B03740}"
EndProject
Global
	GlobalSection(SolutionConfigurationPlatforms) = preSolution
		Debug|Any CPU = Debug|Any CPU
		Release|Any CPU = Release|Any CPU
	EndGlobalSection
	GlobalSection(ProjectConfigurationPlatforms) = postSolution
		{F7B9926A-EE0F-4DF6-8C07-1F6706B03740}.Debug|Any CPU.ActiveCfg = Debug|Any CPU
		{F7B9926A-EE0F-4DF6-8C07-1F6706B03740}.Debug|Any CPU.Build.0 = Debug|Any CPU
		{F7B9926A-EE0F-4DF6-8C07-1F6706B03740}.Release|Any CPU.ActiveCfg = Release|Any CPU
		{F7B9926A-EE0F-4DF6-8C07-1F6706B03740}.Release|Any CPU.Build.0 = Release|Any CPU
	EndGlobalSection
	GlobalSection(SolutionProperties) = preSolution
		HideSolutionNode = FALSE
	EndGlobalSection
	GlobalSection(ExtensibilityGlobals) = postSolution
		SolutionGuid = {E56062C4-DD70-4BB5-9836-A4A03458EBC8}
	EndGlobalSection
EndGlobal
