
Microsoft Visual Studio Solution File, Format Version 12.00
# Visual Studio Version 17
VisualStudioVersion = 17.5.002.0
MinimumVisualStudioVersion = 10.0.40219.1
Project("{9A19103F-16F7-4668-BE54-9A1E7A4F7556}") = "15", "15.csproj", "{B62328D7-B087-490D-8A48-AB8FA8EF07B9}"
EndProject
Global
	GlobalSection(SolutionConfigurationPlatforms) = preSolution
		Debug|Any CPU = Debug|Any CPU
		Release|Any CPU = Release|Any CPU
	EndGlobalSection
	GlobalSection(ProjectConfigurationPlatforms) = postSolution
		{B62328D7-B087-490D-8A48-AB8FA8EF07B9}.Debug|Any CPU.ActiveCfg = Debug|Any CPU
		{B62328D7-B087-490D-8A48-AB8FA8EF07B9}.Debug|Any CPU.Build.0 = Debug|Any CPU
		{B62328D7-B087-490D-8A48-AB8FA8EF07B9}.Release|Any CPU.ActiveCfg = Release|Any CPU
		{B62328D7-B087-490D-8A48-AB8FA8EF07B9}.Release|Any CPU.Build.0 = Release|Any CPU
	EndGlobalSection
	GlobalSection(SolutionProperties) = preSolution
		HideSolutionNode = FALSE
	EndGlobalSection
	GlobalSection(ExtensibilityGlobals) = postSolution
		SolutionGuid = {957C277E-1F1A-4C9C-A03C-902C4640987D}
	EndGlobalSection
EndGlobal
