
Microsoft Visual Studio Solution File, Format Version 12.00
# Visual Studio Version 17
VisualStudioVersion = 17.5.002.0
MinimumVisualStudioVersion = 10.0.40219.1
Project("{9A19103F-16F7-4668-BE54-9A1E7A4F7556}") = "14", "14.csproj", "{EF10DE3F-B34D-4F9C-B24B-4150AE36449D}"
EndProject
Global
	GlobalSection(SolutionConfigurationPlatforms) = preSolution
		Debug|Any CPU = Debug|Any CPU
		Release|Any CPU = Release|Any CPU
	EndGlobalSection
	GlobalSection(ProjectConfigurationPlatforms) = postSolution
		{EF10DE3F-B34D-4F9C-B24B-4150AE36449D}.Debug|Any CPU.ActiveCfg = Debug|Any CPU
		{EF10DE3F-B34D-4F9C-B24B-4150AE36449D}.Debug|Any CPU.Build.0 = Debug|Any CPU
		{EF10DE3F-B34D-4F9C-B24B-4150AE36449D}.Release|Any CPU.ActiveCfg = Release|Any CPU
		{EF10DE3F-B34D-4F9C-B24B-4150AE36449D}.Release|Any CPU.Build.0 = Release|Any CPU
	EndGlobalSection
	GlobalSection(SolutionProperties) = preSolution
		HideSolutionNode = FALSE
	EndGlobalSection
	GlobalSection(ExtensibilityGlobals) = postSolution
		SolutionGuid = {FC10A481-09B9-4404-87E0-2436320D4CA6}
	EndGlobalSection
EndGlobal
